PODS:
  - Apollo (0.51.2):
    - Apollo/Core (= 0.51.2)
  - Apollo/Core (0.51.2)
  - CocoaLumberjack (3.7.4):
    - CocoaLumberjack/Core (= 3.7.4)
  - CocoaLumberjack/Core (3.7.4)
  - ProgressHUD (13.6)
  - SDWebImage (5.12.5):
    - SDWebImage/Core (= 5.12.5)
  - SDWebImage/Core (5.12.5)
  - SDWebImageSVGCoder (1.6.1):
    - SDWebImage/Core (~> 5.6)
  - SVGKit (3.0.0):
    - CocoaLumberjack (~> 3.0)

DEPENDENCIES:
  - Apollo
  - ProgressHUD
  - SDWebImage (~> 5.0)
  - SDWebImageSVGCoder
  - SVGKit

SPEC REPOS:
  trunk:
    - Apollo
    - CocoaLumberjack
    - ProgressHUD
    - SDWebImage
    - SDWebImageSVGCoder
    - SVGKit

SPEC CHECKSUMS:
  Apollo: e5bc805c3f3556c18edc4eae4e2ea4723cea2318
  CocoaLumberjack: 543c79c114dadc3b1aba95641d8738b06b05b646
  ProgressHUD: 4bdaa0d2ddf676b23324b199f9facffb5c3a1620
  SDWebImage: 0905f1b7760fc8ac4198cae0036600d67478751e
  SDWebImageSVGCoder: 6fc109f9c2a82ab44510fff410b88b1a6c271ee8
  SVGKit: 1ad7513f8c74d9652f94ed64ddecda1a23864dea

PODFILE CHECKSUM: 217fa655acf5c223fe04a781c34dabe790c166a7

COCOAPODS: 1.11.3
