// !$*UTF8*$!
{
	archiveVersion = 1;
	classes = {
	};
	objectVersion = 55;
	objects = {

/* Begin PBXBuildFile section */
		0C9AC0FA2851AA4800883189 /* API.swift in Sources */ = {isa = PBXBuildFile; fileRef = 0C9AC0F92851AA4800883189 /* API.swift */; };
		0C9AC0FF2851AABD00883189 /* ZONetwork.swift in Sources */ = {isa = PBXBuildFile; fileRef = 0C9AC0FE2851AABD00883189 /* ZONetwork.swift */; };
		0C9AC23328526F5100883189 /* wallet.graphql in Resources */ = {isa = PBXBuildFile; fileRef = 0C9AC23228526F5100883189 /* wallet.graphql */; };
		0C9AC23528527A5A00883189 /* ZOHelper.swift in Sources */ = {isa = PBXBuildFile; fileRef = 0C9AC23428527A5A00883189 /* ZOHelper.swift */; };
		0C9AC2392852E17A00883189 /* CustomMetadata.swift in Sources */ = {isa = PBXBuildFile; fileRef = 0C9AC2382852E17A00883189 /* CustomMetadata.swift */; };
		0C9AC2AA2853037C00883189 /* AppDelegate.swift in Sources */ = {isa = PBXBuildFile; fileRef = 0C9AC2A92853037C00883189 /* AppDelegate.swift */; };
		0C9AC2AC285303DE00883189 /* SceneDelegate.swift in Sources */ = {isa = PBXBuildFile; fileRef = 0C9AC2AB285303DE00883189 /* SceneDelegate.swift */; };
		0C9AC2AE285303F200883189 /* Main.storyboard in Resources */ = {isa = PBXBuildFile; fileRef = 0C9AC2AD285303F200883189 /* Main.storyboard */; };
		0C9AC2D02853062D00883189 /* ViewController.swift in Sources */ = {isa = PBXBuildFile; fileRef = 0C9AC2CF2853062D00883189 /* ViewController.swift */; };
		0C9AC2D328530A0A00883189 /* LaunchScreen.storyboard in Resources */ = {isa = PBXBuildFile; fileRef = 0C9AC2D228530A0A00883189 /* LaunchScreen.storyboard */; };
		0C9AC2D52853D23200883189 /* CustomCells.swift in Sources */ = {isa = PBXBuildFile; fileRef = 0C9AC2D42853D23200883189 /* CustomCells.swift */; };
		0C9AC2D72853D4B700883189 /* WalletDataManager.swift in Sources */ = {isa = PBXBuildFile; fileRef = 0C9AC2D62853D4B700883189 /* WalletDataManager.swift */; };
		0CF41E20285193230040B062 /* Assets.xcassets in Resources */ = {isa = PBXBuildFile; fileRef = 0CF41E1F285193230040B062 /* Assets.xcassets */; };
		0CF41E23285193230040B062 /* Preview Assets.xcassets in Resources */ = {isa = PBXBuildFile; fileRef = 0CF41E22285193230040B062 /* Preview Assets.xcassets */; };
		0CF41E2D285193230040B062 /* zoramaniaTests.swift in Sources */ = {isa = PBXBuildFile; fileRef = 0CF41E2C285193230040B062 /* zoramaniaTests.swift */; };
		0CF41E37285193240040B062 /* zoramaniaUITests.swift in Sources */ = {isa = PBXBuildFile; fileRef = 0CF41E36285193240040B062 /* zoramaniaUITests.swift */; };
		0CF41E39285193240040B062 /* zoramaniaUITestsLaunchTests.swift in Sources */ = {isa = PBXBuildFile; fileRef = 0CF41E38285193240040B062 /* zoramaniaUITestsLaunchTests.swift */; };
		0CF41E4928519DC30040B062 /* schema.json in Resources */ = {isa = PBXBuildFile; fileRef = 0CF41E4828519DC30040B062 /* schema.json */; };
		0CF41E4B28519DFC0040B062 /* queries.graphql in Resources */ = {isa = PBXBuildFile; fileRef = 0CF41E4A28519DFC0040B062 /* queries.graphql */; };
		0E329C8AAC2051D97006DA86 /* Pods_zoramaniaTests.framework in Frameworks */ = {isa = PBXBuildFile; fileRef = D9D4CADAA94FEC2B949E23C6 /* Pods_zoramaniaTests.framework */; };
		1AE07ADDED917F306C27C2BC /* Pods_zoramania.framework in Frameworks */ = {isa = PBXBuildFile; fileRef = 3C87B275BCCB44A2939C203A /* Pods_zoramania.framework */; };
		B2A07A326DB27254C43CF5BE /* Pods_zoramania_zoramaniaUITests.framework in Frameworks */ = {isa = PBXBuildFile; fileRef = 8A674D30C5DED82266E4406B /* Pods_zoramania_zoramaniaUITests.framework */; };
/* End PBXBuildFile section */

/* Begin PBXContainerItemProxy section */
		0CF41E29285193230040B062 /* PBXContainerItemProxy */ = {
			isa = PBXContainerItemProxy;
			containerPortal = 0CF41E10285193210040B062 /* Project object */;
			proxyType = 1;
			remoteGlobalIDString = 0CF41E17285193210040B062;
			remoteInfo = zoramania;
		};
		0CF41E33285193240040B062 /* PBXContainerItemProxy */ = {
			isa = PBXContainerItemProxy;
			containerPortal = 0CF41E10285193210040B062 /* Project object */;
			proxyType = 1;
			remoteGlobalIDString = 0CF41E17285193210040B062;
			remoteInfo = zoramania;
		};
/* End PBXContainerItemProxy section */

/* Begin PBXFileReference section */
		0C9AC0F92851AA4800883189 /* API.swift */ = {isa = PBXFileReference; fileEncoding = 4; lastKnownFileType = sourcecode.swift; path = API.swift; sourceTree = "<group>"; };
		0C9AC0FE2851AABD00883189 /* ZONetwork.swift */ = {isa = PBXFileReference; lastKnownFileType = sourcecode.swift; path = ZONetwork.swift; sourceTree = "<group>"; };
		0C9AC23228526F5100883189 /* wallet.graphql */ = {isa = PBXFileReference; lastKnownFileType = text; path = wallet.graphql; sourceTree = "<group>"; };
		0C9AC23428527A5A00883189 /* ZOHelper.swift */ = {isa = PBXFileReference; lastKnownFileType = sourcecode.swift; path = ZOHelper.swift; sourceTree = "<group>"; };
		0C9AC2382852E17A00883189 /* CustomMetadata.swift */ = {isa = PBXFileReference; lastKnownFileType = sourcecode.swift; path = CustomMetadata.swift; sourceTree = "<group>"; };
		0C9AC2A92853037C00883189 /* AppDelegate.swift */ = {isa = PBXFileReference; lastKnownFileType = sourcecode.swift; path = AppDelegate.swift; sourceTree = "<group>"; };
		0C9AC2AB285303DE00883189 /* SceneDelegate.swift */ = {isa = PBXFileReference; lastKnownFileType = sourcecode.swift; path = SceneDelegate.swift; sourceTree = "<group>"; };
		0C9AC2AD285303F200883189 /* Main.storyboard */ = {isa = PBXFileReference; lastKnownFileType = file.storyboard; path = Main.storyboard; sourceTree = "<group>"; };
		0C9AC2CF2853062D00883189 /* ViewController.swift */ = {isa = PBXFileReference; lastKnownFileType = sourcecode.swift; path = ViewController.swift; sourceTree = "<group>"; };
		0C9AC2D1285306A800883189 /* Info.plist */ = {isa = PBXFileReference; lastKnownFileType = text.plist; path = Info.plist; sourceTree = "<group>"; };
		0C9AC2D228530A0A00883189 /* LaunchScreen.storyboard */ = {isa = PBXFileReference; lastKnownFileType = file.storyboard; path = LaunchScreen.storyboard; sourceTree = "<group>"; };
		0C9AC2D42853D23200883189 /* CustomCells.swift */ = {isa = PBXFileReference; lastKnownFileType = sourcecode.swift; path = CustomCells.swift; sourceTree = "<group>"; };
		0C9AC2D62853D4B700883189 /* WalletDataManager.swift */ = {isa = PBXFileReference; lastKnownFileType = sourcecode.swift; path = WalletDataManager.swift; sourceTree = "<group>"; };
		0CF41E18285193210040B062 /* zoramania.app */ = {isa = PBXFileReference; explicitFileType = wrapper.application; includeInIndex = 0; path = zoramania.app; sourceTree = BUILT_PRODUCTS_DIR; };
		0CF41E1F285193230040B062 /* Assets.xcassets */ = {isa = PBXFileReference; lastKnownFileType = folder.assetcatalog; path = Assets.xcassets; sourceTree = "<group>"; };
		0CF41E22285193230040B062 /* Preview Assets.xcassets */ = {isa = PBXFileReference; lastKnownFileType = folder.assetcatalog; path = "Preview Assets.xcassets"; sourceTree = "<group>"; };
		0CF41E28285193230040B062 /* zoramaniaTests.xctest */ = {isa = PBXFileReference; explicitFileType = wrapper.cfbundle; includeInIndex = 0; path = zoramaniaTests.xctest; sourceTree = BUILT_PRODUCTS_DIR; };
		0CF41E2C285193230040B062 /* zoramaniaTests.swift */ = {isa = PBXFileReference; lastKnownFileType = sourcecode.swift; path = zoramaniaTests.swift; sourceTree = "<group>"; };
		0CF41E32285193240040B062 /* zoramaniaUITests.xctest */ = {isa = PBXFileReference; explicitFileType = wrapper.cfbundle; includeInIndex = 0; path = zoramaniaUITests.xctest; sourceTree = BUILT_PRODUCTS_DIR; };
		0CF41E36285193240040B062 /* zoramaniaUITests.swift */ = {isa = PBXFileReference; lastKnownFileType = sourcecode.swift; path = zoramaniaUITests.swift; sourceTree = "<group>"; };
		0CF41E38285193240040B062 /* zoramaniaUITestsLaunchTests.swift */ = {isa = PBXFileReference; lastKnownFileType = sourcecode.swift; path = zoramaniaUITestsLaunchTests.swift; sourceTree = "<group>"; };
		0CF41E4828519DC30040B062 /* schema.json */ = {isa = PBXFileReference; fileEncoding = 4; lastKnownFileType = text.json; path = schema.json; sourceTree = "<group>"; };
		0CF41E4A28519DFC0040B062 /* queries.graphql */ = {isa = PBXFileReference; lastKnownFileType = text; path = queries.graphql; sourceTree = "<group>"; };
		2CEC156A73982FD382CAAA3C /* Pods-zoramaniaTests.release.xcconfig */ = {isa = PBXFileReference; includeInIndex = 1; lastKnownFileType = text.xcconfig; name = "Pods-zoramaniaTests.release.xcconfig"; path = "Target Support Files/Pods-zoramaniaTests/Pods-zoramaniaTests.release.xcconfig"; sourceTree = "<group>"; };
		3C87B275BCCB44A2939C203A /* Pods_zoramania.framework */ = {isa = PBXFileReference; explicitFileType = wrapper.framework; includeInIndex = 0; path = Pods_zoramania.framework; sourceTree = BUILT_PRODUCTS_DIR; };
		5C2261D1237F834E8F665252 /* Pods-zoramania.release.xcconfig */ = {isa = PBXFileReference; includeInIndex = 1; lastKnownFileType = text.xcconfig; name = "Pods-zoramania.release.xcconfig"; path = "Target Support Files/Pods-zoramania/Pods-zoramania.release.xcconfig"; sourceTree = "<group>"; };
		8A674D30C5DED82266E4406B /* Pods_zoramania_zoramaniaUITests.framework */ = {isa = PBXFileReference; explicitFileType = wrapper.framework; includeInIndex = 0; path = Pods_zoramania_zoramaniaUITests.framework; sourceTree = BUILT_PRODUCTS_DIR; };
		C13C0F8ED382A7B4F0C3E751 /* Pods-zoramania.debug.xcconfig */ = {isa = PBXFileReference; includeInIndex = 1; lastKnownFileType = text.xcconfig; name = "Pods-zoramania.debug.xcconfig"; path = "Target Support Files/Pods-zoramania/Pods-zoramania.debug.xcconfig"; sourceTree = "<group>"; };
		C89EE005E53A5626DCC91FBD /* Pods-zoramania-zoramaniaUITests.release.xcconfig */ = {isa = PBXFileReference; includeInIndex = 1; lastKnownFileType = text.xcconfig; name = "Pods-zoramania-zoramaniaUITests.release.xcconfig"; path = "Target Support Files/Pods-zoramania-zoramaniaUITests/Pods-zoramania-zoramaniaUITests.release.xcconfig"; sourceTree = "<group>"; };
		D9D4CADAA94FEC2B949E23C6 /* Pods_zoramaniaTests.framework */ = {isa = PBXFileReference; explicitFileType = wrapper.framework; includeInIndex = 0; path = Pods_zoramaniaTests.framework; sourceTree = BUILT_PRODUCTS_DIR; };
		F64D670B669BA44FB4EC1F6A /* Pods-zoramania-zoramaniaUITests.debug.xcconfig */ = {isa = PBXFileReference; includeInIndex = 1; lastKnownFileType = text.xcconfig; name = "Pods-zoramania-zoramaniaUITests.debug.xcconfig"; path = "Target Support Files/Pods-zoramania-zoramaniaUITests/Pods-zoramania-zoramaniaUITests.debug.xcconfig"; sourceTree = "<group>"; };
		FEDCAB4220E421A0326B61D3 /* Pods-zoramaniaTests.debug.xcconfig */ = {isa = PBXFileReference; includeInIndex = 1; lastKnownFileType = text.xcconfig; name = "Pods-zoramaniaTests.debug.xcconfig"; path = "Target Support Files/Pods-zoramaniaTests/Pods-zoramaniaTests.debug.xcconfig"; sourceTree = "<group>"; };
/* End PBXFileReference section */

/* Begin PBXFrameworksBuildPhase section */
		0CF41E15285193210040B062 /* Frameworks */ = {
			isa = PBXFrameworksBuildPhase;
			buildActionMask = 2147483647;
			files = (
				1AE07ADDED917F306C27C2BC /* Pods_zoramania.framework in Frameworks */,
			);
			runOnlyForDeploymentPostprocessing = 0;
		};
		0CF41E25285193230040B062 /* Frameworks */ = {
			isa = PBXFrameworksBuildPhase;
			buildActionMask = 2147483647;
			files = (
				0E329C8AAC2051D97006DA86 /* Pods_zoramaniaTests.framework in Frameworks */,
			);
			runOnlyForDeploymentPostprocessing = 0;
		};
		0CF41E2F285193240040B062 /* Frameworks */ = {
			isa = PBXFrameworksBuildPhase;
			buildActionMask = 2147483647;
			files = (
				B2A07A326DB27254C43CF5BE /* Pods_zoramania_zoramaniaUITests.framework in Frameworks */,
			);
			runOnlyForDeploymentPostprocessing = 0;
		};
/* End PBXFrameworksBuildPhase section */

/* Begin PBXGroup section */
		0C9AC0FB2851AA9B00883189 /* ZO */ = {
			isa = PBXGroup;
			children = (
				0C9AC0FE2851AABD00883189 /* ZONetwork.swift */,
				0C9AC23428527A5A00883189 /* ZOHelper.swift */,
			);
			path = ZO;
			sourceTree = "<group>";
		};
		0C9AC23128526A2000883189 /* Views */ = {
			isa = PBXGroup;
			children = (
				0C9AC2D228530A0A00883189 /* LaunchScreen.storyboard */,
				0C9AC2AD285303F200883189 /* Main.storyboard */,
				0C9AC2CF2853062D00883189 /* ViewController.swift */,
				0C9AC2D42853D23200883189 /* CustomCells.swift */,
			);
			path = Views;
			sourceTree = "<group>";
		};
		0C9AC2362852DED700883189 /* queries */ = {
			isa = PBXGroup;
			children = (
				0CF41E4A28519DFC0040B062 /* queries.graphql */,
				0C9AC23228526F5100883189 /* wallet.graphql */,
			);
			path = queries;
			sourceTree = "<group>";
		};
		0C9AC2372852E11200883189 /* Model */ = {
			isa = PBXGroup;
			children = (
				0C9AC2D62853D4B700883189 /* WalletDataManager.swift */,
				0C9AC2382852E17A00883189 /* CustomMetadata.swift */,
			);
			path = Model;
			sourceTree = "<group>";
		};
		0CF41E0F285193210040B062 = {
			isa = PBXGroup;
			children = (
				0CF41E1A285193210040B062 /* zoramania */,
				0CF41E2B285193230040B062 /* zoramaniaTests */,
				0CF41E35285193240040B062 /* zoramaniaUITests */,
				0CF41E19285193210040B062 /* Products */,
				4EEF3DA206E09EC4E5DBB926 /* Pods */,
				76980E0FFF98116AA1D6B5E4 /* Frameworks */,
			);
			sourceTree = "<group>";
		};
		0CF41E19285193210040B062 /* Products */ = {
			isa = PBXGroup;
			children = (
				0CF41E18285193210040B062 /* zoramania.app */,
				0CF41E28285193230040B062 /* zoramaniaTests.xctest */,
				0CF41E32285193240040B062 /* zoramaniaUITests.xctest */,
			);
			name = Products;
			sourceTree = "<group>";
		};
		0CF41E1A285193210040B062 /* zoramania */ = {
			isa = PBXGroup;
			children = (
				0C9AC2D1285306A800883189 /* Info.plist */,
				0C9AC2A92853037C00883189 /* AppDelegate.swift */,
				0C9AC2AB285303DE00883189 /* SceneDelegate.swift */,
				0C9AC23128526A2000883189 /* Views */,
				0C9AC2372852E11200883189 /* Model */,
				0C9AC0FB2851AA9B00883189 /* ZO */,
				0C9AC2362852DED700883189 /* queries */,
				0CF41E1F285193230040B062 /* Assets.xcassets */,
				0CF41E4828519DC30040B062 /* schema.json */,
				0C9AC0F92851AA4800883189 /* API.swift */,
				0CF41E21285193230040B062 /* Preview Content */,
			);
			path = zoramania;
			sourceTree = "<group>";
		};
		0CF41E21285193230040B062 /* Preview Content */ = {
			isa = PBXGroup;
			children = (
				0CF41E22285193230040B062 /* Preview Assets.xcassets */,
			);
			path = "Preview Content";
			sourceTree = "<group>";
		};
		0CF41E2B285193230040B062 /* zoramaniaTests */ = {
			isa = PBXGroup;
			children = (
				0CF41E2C285193230040B062 /* zoramaniaTests.swift */,
			);
			path = zoramaniaTests;
			sourceTree = "<group>";
		};
		0CF41E35285193240040B062 /* zoramaniaUITests */ = {
			isa = PBXGroup;
			children = (
				0CF41E36285193240040B062 /* zoramaniaUITests.swift */,
				0CF41E38285193240040B062 /* zoramaniaUITestsLaunchTests.swift */,
			);
			path = zoramaniaUITests;
			sourceTree = "<group>";
		};
		4EEF3DA206E09EC4E5DBB926 /* Pods */ = {
			isa = PBXGroup;
			children = (
				C13C0F8ED382A7B4F0C3E751 /* Pods-zoramania.debug.xcconfig */,
				5C2261D1237F834E8F665252 /* Pods-zoramania.release.xcconfig */,
				F64D670B669BA44FB4EC1F6A /* Pods-zoramania-zoramaniaUITests.debug.xcconfig */,
				C89EE005E53A5626DCC91FBD /* Pods-zoramania-zoramaniaUITests.release.xcconfig */,
				FEDCAB4220E421A0326B61D3 /* Pods-zoramaniaTests.debug.xcconfig */,
				2CEC156A73982FD382CAAA3C /* Pods-zoramaniaTests.release.xcconfig */,
			);
			path = Pods;
			sourceTree = "<group>";
		};
		76980E0FFF98116AA1D6B5E4 /* Frameworks */ = {
			isa = PBXGroup;
			children = (
				3C87B275BCCB44A2939C203A /* Pods_zoramania.framework */,
				8A674D30C5DED82266E4406B /* Pods_zoramania_zoramaniaUITests.framework */,
				D9D4CADAA94FEC2B949E23C6 /* Pods_zoramaniaTests.framework */,
			);
			name = Frameworks;
			sourceTree = "<group>";
		};
/* End PBXGroup section */

/* Begin PBXNativeTarget section */
		0CF41E17285193210040B062 /* zoramania */ = {
			isa = PBXNativeTarget;
			buildConfigurationList = 0CF41E3C285193240040B062 /* Build configuration list for PBXNativeTarget "zoramania" */;
			buildPhases = (
				90F9F92A46E2C349AA919955 /* [CP] Check Pods Manifest.lock */,
				0CF41E4C28519F1C0040B062 /* Generate Apollo GraphQL API */,
				0CF41E14285193210040B062 /* Sources */,
				0CF41E15285193210040B062 /* Frameworks */,
				0CF41E16285193210040B062 /* Resources */,
				15149C4C47286D30244C31E2 /* [CP] Embed Pods Frameworks */,
			);
			buildRules = (
			);
			dependencies = (
			);
			name = zoramania;
			productName = zoramania;
			productReference = 0CF41E18285193210040B062 /* zoramania.app */;
			productType = "com.apple.product-type.application";
		};
		0CF41E27285193230040B062 /* zoramaniaTests */ = {
			isa = PBXNativeTarget;
			buildConfigurationList = 0CF41E3F285193240040B062 /* Build configuration list for PBXNativeTarget "zoramaniaTests" */;
			buildPhases = (
				C1E7102A4D862B583CE220F6 /* [CP] Check Pods Manifest.lock */,
				0CF41E24285193230040B062 /* Sources */,
				0CF41E25285193230040B062 /* Frameworks */,
				0CF41E26285193230040B062 /* Resources */,
			);
			buildRules = (
			);
			dependencies = (
				0CF41E2A285193230040B062 /* PBXTargetDependency */,
			);
			name = zoramaniaTests;
			productName = zoramaniaTests;
			productReference = 0CF41E28285193230040B062 /* zoramaniaTests.xctest */;
			productType = "com.apple.product-type.bundle.unit-test";
		};
		0CF41E31285193240040B062 /* zoramaniaUITests */ = {
			isa = PBXNativeTarget;
			buildConfigurationList = 0CF41E42285193240040B062 /* Build configuration list for PBXNativeTarget "zoramaniaUITests" */;
			buildPhases = (
				C28EB43B4778481BC80C4541 /* [CP] Check Pods Manifest.lock */,
				0CF41E2E285193240040B062 /* Sources */,
				0CF41E2F285193240040B062 /* Frameworks */,
				0CF41E30285193240040B062 /* Resources */,
				AA07220FA2955FB7D34B2CCD /* [CP] Embed Pods Frameworks */,
			);
			buildRules = (
			);
			dependencies = (
				0CF41E34285193240040B062 /* PBXTargetDependency */,
			);
			name = zoramaniaUITests;
			productName = zoramaniaUITests;
			productReference = 0CF41E32285193240040B062 /* zoramaniaUITests.xctest */;
			productType = "com.apple.product-type.bundle.ui-testing";
		};
/* End PBXNativeTarget section */

/* Begin PBXProject section */
		0CF41E10285193210040B062 /* Project object */ = {
			isa = PBXProject;
			attributes = {
				BuildIndependentTargetsInParallel = 1;
				LastSwiftUpdateCheck = 1330;
				LastUpgradeCheck = 1330;
				TargetAttributes = {
					0CF41E17285193210040B062 = {
						CreatedOnToolsVersion = 13.3.1;
					};
					0CF41E27285193230040B062 = {
						CreatedOnToolsVersion = 13.3.1;
						TestTargetID = 0CF41E17285193210040B062;
					};
					0CF41E31285193240040B062 = {
						CreatedOnToolsVersion = 13.3.1;
						TestTargetID = 0CF41E17285193210040B062;
					};
				};
			};
			buildConfigurationList = 0CF41E13285193210040B062 /* Build configuration list for PBXProject "zoramania" */;
			compatibilityVersion = "Xcode 13.0";
			developmentRegion = en;
			hasScannedForEncodings = 0;
			knownRegions = (
				en,
				Base,
			);
			mainGroup = 0CF41E0F285193210040B062;
			productRefGroup = 0CF41E19285193210040B062 /* Products */;
			projectDirPath = "";
			projectRoot = "";
			targets = (
				0CF41E17285193210040B062 /* zoramania */,
				0CF41E27285193230040B062 /* zoramaniaTests */,
				0CF41E31285193240040B062 /* zoramaniaUITests */,
			);
		};
/* End PBXProject section */

/* Begin PBXResourcesBuildPhase section */
		0CF41E16285193210040B062 /* Resources */ = {
			isa = PBXResourcesBuildPhase;
			buildActionMask = 2147483647;
			files = (
				0C9AC23328526F5100883189 /* wallet.graphql in Resources */,
				0CF41E23285193230040B062 /* Preview Assets.xcassets in Resources */,
				0CF41E4928519DC30040B062 /* schema.json in Resources */,
				0C9AC2AE285303F200883189 /* Main.storyboard in Resources */,
				0C9AC2D328530A0A00883189 /* LaunchScreen.storyboard in Resources */,
				0CF41E4B28519DFC0040B062 /* queries.graphql in Resources */,
				0CF41E20285193230040B062 /* Assets.xcassets in Resources */,
			);
			runOnlyForDeploymentPostprocessing = 0;
		};
		0CF41E26285193230040B062 /* Resources */ = {
			isa = PBXResourcesBuildPhase;
			buildActionMask = 2147483647;
			files = (
			);
			runOnlyForDeploymentPostprocessing = 0;
		};
		0CF41E30285193240040B062 /* Resources */ = {
			isa = PBXResourcesBuildPhase;
			buildActionMask = 2147483647;
			files = (
			);
			runOnlyForDeploymentPostprocessing = 0;
		};
/* End PBXResourcesBuildPhase section */

/* Begin PBXShellScriptBuildPhase section */
		0CF41E4C28519F1C0040B062 /* Generate Apollo GraphQL API */ = {
			isa = PBXShellScriptBuildPhase;
			buildActionMask = 2147483647;
			files = (
			);
			inputFileListPaths = (
			);
			inputPaths = (
			);
			name = "Generate Apollo GraphQL API";
			outputFileListPaths = (
			);
			outputPaths = (
			);
			runOnlyForDeploymentPostprocessing = 0;
			shellPath = /bin/sh;
			shellScript = "# Don't run this during index builds\nif [ $ACTION = \"indexbuild\" ]; then exit 0; fi\n\nSCRIPT_PATH=\"${PODS_ROOT}/Apollo/scripts\"\ncd \"${SRCROOT}/${TARGET_NAME}\"\n\"${SCRIPT_PATH}\"/run-bundled-codegen.sh codegen:generate --target=swift --includes=./**/*.graphql --passthroughCustomScalars --localSchemaFile=\"schema.json\" API.swift\n";
		};
		15149C4C47286D30244C31E2 /* [CP] Embed Pods Frameworks */ = {
			isa = PBXShellScriptBuildPhase;
			buildActionMask = 2147483647;
			files = (
			);
			inputFileListPaths = (
				"${PODS_ROOT}/Target Support Files/Pods-zoramania/Pods-zoramania-frameworks-${CONFIGURATION}-input-files.xcfilelist",
			);
			name = "[CP] Embed Pods Frameworks";
			outputFileListPaths = (
				"${PODS_ROOT}/Target Support Files/Pods-zoramania/Pods-zoramania-frameworks-${CONFIGURATION}-output-files.xcfilelist",
			);
			runOnlyForDeploymentPostprocessing = 0;
			shellPath = /bin/sh;
			shellScript = "\"${PODS_ROOT}/Target Support Files/Pods-zoramania/Pods-zoramania-frameworks.sh\"\n";
			showEnvVarsInLog = 0;
		};
		90F9F92A46E2C349AA919955 /* [CP] Check Pods Manifest.lock */ = {
			isa = PBXShellScriptBuildPhase;
			buildActionMask = 2147483647;
			files = (
			);
			inputFileListPaths = (
			);
			inputPaths = (
				"${PODS_PODFILE_DIR_PATH}/Podfile.lock",
				"${PODS_ROOT}/Manifest.lock",
			);
			name = "[CP] Check Pods Manifest.lock";
			outputFileListPaths = (
			);
			outputPaths = (
				"$(DERIVED_FILE_DIR)/Pods-zoramania-checkManifestLockResult.txt",
			);
			runOnlyForDeploymentPostprocessing = 0;
			shellPath = /bin/sh;
			shellScript = "diff \"${PODS_PODFILE_DIR_PATH}/Podfile.lock\" \"${PODS_ROOT}/Manifest.lock\" > /dev/null\nif [ $? != 0 ] ; then\n    # print error to STDERR\n    echo \"error: The sandbox is not in sync with the Podfile.lock. Run 'pod install' or update your CocoaPods installation.\" >&2\n    exit 1\nfi\n# This output is used by Xcode 'outputs' to avoid re-running this script phase.\necho \"SUCCESS\" > \"${SCRIPT_OUTPUT_FILE_0}\"\n";
			showEnvVarsInLog = 0;
		};
		AA07220FA2955FB7D34B2CCD /* [CP] Embed Pods Frameworks */ = {
			isa = PBXShellScriptBuildPhase;
			buildActionMask = 2147483647;
			files = (
			);
			inputFileListPaths = (
				"${PODS_ROOT}/Target Support Files/Pods-zoramania-zoramaniaUITests/Pods-zoramania-zoramaniaUITests-frameworks-${CONFIGURATION}-input-files.xcfilelist",
			);
			name = "[CP] Embed Pods Frameworks";
			outputFileListPaths = (
				"${PODS_ROOT}/Target Support Files/Pods-zoramania-zoramaniaUITests/Pods-zoramania-zoramaniaUITests-frameworks-${CONFIGURATION}-output-files.xcfilelist",
			);
			runOnlyForDeploymentPostprocessing = 0;
			shellPath = /bin/sh;
			shellScript = "\"${PODS_ROOT}/Target Support Files/Pods-zoramania-zoramaniaUITests/Pods-zoramania-zoramaniaUITests-frameworks.sh\"\n";
			showEnvVarsInLog = 0;
		};
		C1E7102A4D862B583CE220F6 /* [CP] Check Pods Manifest.lock */ = {
			isa = PBXShellScriptBuildPhase;
			buildActionMask = 2147483647;
			files = (
			);
			inputFileListPaths = (
			);
			inputPaths = (
				"${PODS_PODFILE_DIR_PATH}/Podfile.lock",
				"${PODS_ROOT}/Manifest.lock",
			);
			name = "[CP] Check Pods Manifest.lock";
			outputFileListPaths = (
			);
			outputPaths = (
				"$(DERIVED_FILE_DIR)/Pods-zoramaniaTests-checkManifestLockResult.txt",
			);
			runOnlyForDeploymentPostprocessing = 0;
			shellPath = /bin/sh;
			shellScript = "diff \"${PODS_PODFILE_DIR_PATH}/Podfile.lock\" \"${PODS_ROOT}/Manifest.lock\" > /dev/null\nif [ $? != 0 ] ; then\n    # print error to STDERR\n    echo \"error: The sandbox is not in sync with the Podfile.lock. Run 'pod install' or update your CocoaPods installation.\" >&2\n    exit 1\nfi\n# This output is used by Xcode 'outputs' to avoid re-running this script phase.\necho \"SUCCESS\" > \"${SCRIPT_OUTPUT_FILE_0}\"\n";
			showEnvVarsInLog = 0;
		};
		C28EB43B4778481BC80C4541 /* [CP] Check Pods Manifest.lock */ = {
			isa = PBXShellScriptBuildPhase;
			buildActionMask = 2147483647;
			files = (
			);
			inputFileListPaths = (
			);
			inputPaths = (
				"${PODS_PODFILE_DIR_PATH}/Podfile.lock",
				"${PODS_ROOT}/Manifest.lock",
			);
			name = "[CP] Check Pods Manifest.lock";
			outputFileListPaths = (
			);
			outputPaths = (
				"$(DERIVED_FILE_DIR)/Pods-zoramania-zoramaniaUITests-checkManifestLockResult.txt",
			);
			runOnlyForDeploymentPostprocessing = 0;
			shellPath = /bin/sh;
			shellScript = "diff \"${PODS_PODFILE_DIR_PATH}/Podfile.lock\" \"${PODS_ROOT}/Manifest.lock\" > /dev/null\nif [ $? != 0 ] ; then\n    # print error to STDERR\n    echo \"error: The sandbox is not in sync with the Podfile.lock. Run 'pod install' or update your CocoaPods installation.\" >&2\n    exit 1\nfi\n# This output is used by Xcode 'outputs' to avoid re-running this script phase.\necho \"SUCCESS\" > \"${SCRIPT_OUTPUT_FILE_0}\"\n";
			showEnvVarsInLog = 0;
		};
/* End PBXShellScriptBuildPhase section */

/* Begin PBXSourcesBuildPhase section */
		0CF41E14285193210040B062 /* Sources */ = {
			isa = PBXSourcesBuildPhase;
			buildActionMask = 2147483647;
			files = (
				0C9AC2D72853D4B700883189 /* WalletDataManager.swift in Sources */,
				0C9AC2D02853062D00883189 /* ViewController.swift in Sources */,
				0C9AC2AA2853037C00883189 /* AppDelegate.swift in Sources */,
				0C9AC2D52853D23200883189 /* CustomCells.swift in Sources */,
				0C9AC2AC285303DE00883189 /* SceneDelegate.swift in Sources */,
				0C9AC0FA2851AA4800883189 /* API.swift in Sources */,
				0C9AC0FF2851AABD00883189 /* ZONetwork.swift in Sources */,
				0C9AC2392852E17A00883189 /* CustomMetadata.swift in Sources */,
				0C9AC23528527A5A00883189 /* ZOHelper.swift in Sources */,
			);
			runOnlyForDeploymentPostprocessing = 0;
		};
		0CF41E24285193230040B062 /* Sources */ = {
			isa = PBXSourcesBuildPhase;
			buildActionMask = 2147483647;
			files = (
				0CF41E2D285193230040B062 /* zoramaniaTests.swift in Sources */,
			);
			runOnlyForDeploymentPostprocessing = 0;
		};
		0CF41E2E285193240040B062 /* Sources */ = {
			isa = PBXSourcesBuildPhase;
			buildActionMask = 2147483647;
			files = (
				0CF41E37285193240040B062 /* zoramaniaUITests.swift in Sources */,
				0CF41E39285193240040B062 /* zoramaniaUITestsLaunchTests.swift in Sources */,
			);
			runOnlyForDeploymentPostprocessing = 0;
		};
/* End PBXSourcesBuildPhase section */

/* Begin PBXTargetDependency section */
		0CF41E2A285193230040B062 /* PBXTargetDependency */ = {
			isa = PBXTargetDependency;
			target = 0CF41E17285193210040B062 /* zoramania */;
			targetProxy = 0CF41E29285193230040B062 /* PBXContainerItemProxy */;
		};
		0CF41E34285193240040B062 /* PBXTargetDependency */ = {
			isa = PBXTargetDependency;
			target = 0CF41E17285193210040B062 /* zoramania */;
			targetProxy = 0CF41E33285193240040B062 /* PBXContainerItemProxy */;
		};
/* End PBXTargetDependency section */

/* Begin XCBuildConfiguration section */
		0CF41E3A285193240040B062 /* Debug */ = {
			isa = XCBuildConfiguration;
			buildSettings = {
				ALWAYS_SEARCH_USER_PATHS = NO;
				CLANG_ANALYZER_NONNULL = YES;
				CLANG_ANALYZER_NUMBER_OBJECT_CONVERSION = YES_AGGRESSIVE;
				CLANG_CXX_LANGUAGE_STANDARD = "gnu++17";
				CLANG_ENABLE_MODULES = YES;
				CLANG_ENABLE_OBJC_ARC = YES;
				CLANG_ENABLE_OBJC_WEAK = YES;
				CLANG_WARN_BLOCK_CAPTURE_AUTORELEASING = YES;
				CLANG_WARN_BOOL_CONVERSION = YES;
				CLANG_WARN_COMMA = YES;
				CLANG_WARN_CONSTANT_CONVERSION = YES;
				CLANG_WARN_DEPRECATED_OBJC_IMPLEMENTATIONS = YES;
				CLANG_WARN_DIRECT_OBJC_ISA_USAGE = YES_ERROR;
				CLANG_WARN_DOCUMENTATION_COMMENTS = YES;
				CLANG_WARN_EMPTY_BODY = YES;
				CLANG_WARN_ENUM_CONVERSION = YES;
				CLANG_WARN_INFINITE_RECURSION = YES;
				CLANG_WARN_INT_CONVERSION = YES;
				CLANG_WARN_NON_LITERAL_NULL_CONVERSION = YES;
				CLANG_WARN_OBJC_IMPLICIT_RETAIN_SELF = YES;
				CLANG_WARN_OBJC_LITERAL_CONVERSION = YES;
				CLANG_WARN_OBJC_ROOT_CLASS = YES_ERROR;
				CLANG_WARN_QUOTED_INCLUDE_IN_FRAMEWORK_HEADER = YES;
				CLANG_WARN_RANGE_LOOP_ANALYSIS = YES;
				CLANG_WARN_STRICT_PROTOTYPES = YES;
				CLANG_WARN_SUSPICIOUS_MOVE = YES;
				CLANG_WARN_UNGUARDED_AVAILABILITY = YES_AGGRESSIVE;
				CLANG_WARN_UNREACHABLE_CODE = YES;
				CLANG_WARN__DUPLICATE_METHOD_MATCH = YES;
				COPY_PHASE_STRIP = NO;
				DEBUG_INFORMATION_FORMAT = dwarf;
				ENABLE_STRICT_OBJC_MSGSEND = YES;
				ENABLE_TESTABILITY = YES;
				GCC_C_LANGUAGE_STANDARD = gnu11;
				GCC_DYNAMIC_NO_PIC = NO;
				GCC_NO_COMMON_BLOCKS = YES;
				GCC_OPTIMIZATION_LEVEL = 0;
				GCC_PREPROCESSOR_DEFINITIONS = (
					"DEBUG=1",
					"$(inherited)",
				);
				GCC_WARN_64_TO_32_BIT_CONVERSION = YES;
				GCC_WARN_ABOUT_RETURN_TYPE = YES_ERROR;
				GCC_WARN_UNDECLARED_SELECTOR = YES;
				GCC_WARN_UNINITIALIZED_AUTOS = YES_AGGRESSIVE;
				GCC_WARN_UNUSED_FUNCTION = YES;
				GCC_WARN_UNUSED_VARIABLE = YES;
				IPHONEOS_DEPLOYMENT_TARGET = 13.6;
				MTL_ENABLE_DEBUG_INFO = INCLUDE_SOURCE;
				MTL_FAST_MATH = YES;
				ONLY_ACTIVE_ARCH = YES;
				SDKROOT = iphoneos;
				SWIFT_ACTIVE_COMPILATION_CONDITIONS = DEBUG;
				SWIFT_OPTIMIZATION_LEVEL = "-Onone";
			};
			name = Debug;
		};
		0CF41E3B285193240040B062 /* Release */ = {
			isa = XCBuildConfiguration;
			buildSettings = {
				ALWAYS_SEARCH_USER_PATHS = NO;
				CLANG_ANALYZER_NONNULL = YES;
				CLANG_ANALYZER_NUMBER_OBJECT_CONVERSION = YES_AGGRESSIVE;
				CLANG_CXX_LANGUAGE_STANDARD = "gnu++17";
				CLANG_ENABLE_MODULES = YES;
				CLANG_ENABLE_OBJC_ARC = YES;
				CLANG_ENABLE_OBJC_WEAK = YES;
				CLANG_WARN_BLOCK_CAPTURE_AUTORELEASING = YES;
				CLANG_WARN_BOOL_CONVERSION = YES;
				CLANG_WARN_COMMA = YES;
				CLANG_WARN_CONSTANT_CONVERSION = YES;
				CLANG_WARN_DEPRECATED_OBJC_IMPLEMENTATIONS = YES;
				CLANG_WARN_DIRECT_OBJC_ISA_USAGE = YES_ERROR;
				CLANG_WARN_DOCUMENTATION_COMMENTS = YES;
				CLANG_WARN_EMPTY_BODY = YES;
				CLANG_WARN_ENUM_CONVERSION = YES;
				CLANG_WARN_INFINITE_RECURSION = YES;
				CLANG_WARN_INT_CONVERSION = YES;
				CLANG_WARN_NON_LITERAL_NULL_CONVERSION = YES;
				CLANG_WARN_OBJC_IMPLICIT_RETAIN_SELF = YES;
				CLANG_WARN_OBJC_LITERAL_CONVERSION = YES;
				CLANG_WARN_OBJC_ROOT_CLASS = YES_ERROR;
				CLANG_WARN_QUOTED_INCLUDE_IN_FRAMEWORK_HEADER = YES;
				CLANG_WARN_RANGE_LOOP_ANALYSIS = YES;
				CLANG_WARN_STRICT_PROTOTYPES = YES;
				CLANG_WARN_SUSPICIOUS_MOVE = YES;
				CLANG_WARN_UNGUARDED_AVAILABILITY = YES_AGGRESSIVE;
				CLANG_WARN_UNREACHABLE_CODE = YES;
				CLANG_WARN__DUPLICATE_METHOD_MATCH = YES;
				COPY_PHASE_STRIP = NO;
				DEBUG_INFORMATION_FORMAT = "dwarf-with-dsym";
				ENABLE_NS_ASSERTIONS = NO;
				ENABLE_STRICT_OBJC_MSGSEND = YES;
				GCC_C_LANGUAGE_STANDARD = gnu11;
				GCC_NO_COMMON_BLOCKS = YES;
				GCC_WARN_64_TO_32_BIT_CONVERSION = YES;
				GCC_WARN_ABOUT_RETURN_TYPE = YES_ERROR;
				GCC_WARN_UNDECLARED_SELECTOR = YES;
				GCC_WARN_UNINITIALIZED_AUTOS = YES_AGGRESSIVE;
				GCC_WARN_UNUSED_FUNCTION = YES;
				GCC_WARN_UNUSED_VARIABLE = YES;
				IPHONEOS_DEPLOYMENT_TARGET = 13.6;
				MTL_ENABLE_DEBUG_INFO = NO;
				MTL_FAST_MATH = YES;
				SDKROOT = iphoneos;
				SWIFT_COMPILATION_MODE = wholemodule;
				SWIFT_OPTIMIZATION_LEVEL = "-O";
				VALIDATE_PRODUCT = YES;
			};
			name = Release;
		};
		0CF41E3D285193240040B062 /* Debug */ = {
			isa = XCBuildConfiguration;
			baseConfigurationReference = C13C0F8ED382A7B4F0C3E751 /* Pods-zoramania.debug.xcconfig */;
			buildSettings = {
				ASSETCATALOG_COMPILER_APPICON_NAME = AppIcon;
				ASSETCATALOG_COMPILER_GLOBAL_ACCENT_COLOR_NAME = AccentColor;
				CODE_SIGN_STYLE = Automatic;
				CURRENT_PROJECT_VERSION = 1;
				DEVELOPMENT_ASSET_PATHS = "\"zoramania/Preview Content\"";
				ENABLE_PREVIEWS = YES;
				GENERATE_INFOPLIST_FILE = YES;
				INFOPLIST_FILE = zoramania/Info.plist;
				INFOPLIST_KEY_UIApplicationSupportsIndirectInputEvents = YES;
				INFOPLIST_KEY_UILaunchScreen_Generation = YES;
				INFOPLIST_KEY_UIMainStoryboardFile = Main;
				INFOPLIST_KEY_UISupportedInterfaceOrientations = UIInterfaceOrientationPortrait;
				INFOPLIST_KEY_UISupportedInterfaceOrientations_iPad = "UIInterfaceOrientationPortrait UIInterfaceOrientationPortraitUpsideDown UIInterfaceOrientationLandscapeLeft UIInterfaceOrientationLandscapeRight";
				INFOPLIST_KEY_UISupportedInterfaceOrientations_iPhone = "UIInterfaceOrientationPortrait UIInterfaceOrientationLandscapeLeft UIInterfaceOrientationLandscapeRight";
				LD_RUNPATH_SEARCH_PATHS = (
					"$(inherited)",
					"@executable_path/Frameworks",
				);
				MARKETING_VERSION = 1.0;
				PRODUCT_BUNDLE_IDENTIFIER = com.sapo.zoramania.zoramania;
				PRODUCT_NAME = "$(TARGET_NAME)";
				SWIFT_EMIT_LOC_STRINGS = YES;
				SWIFT_VERSION = 5.0;
				TARGETED_DEVICE_FAMILY = "1,2";
			};
			name = Debug;
		};
		0CF41E3E285193240040B062 /* Release */ = {
			isa = XCBuildConfiguration;
			baseConfigurationReference = 5C2261D1237F834E8F665252 /* Pods-zoramania.release.xcconfig */;
			buildSettings = {
				ASSETCATALOG_COMPILER_APPICON_NAME = AppIcon;
				ASSETCATALOG_COMPILER_GLOBAL_ACCENT_COLOR_NAME = AccentColor;
				CODE_SIGN_STYLE = Automatic;
				CURRENT_PROJECT_VERSION = 1;
				DEVELOPMENT_ASSET_PATHS = "\"zoramania/Preview Content\"";
				ENABLE_PREVIEWS = YES;
				GENERATE_INFOPLIST_FILE = YES;
				INFOPLIST_FILE = zoramania/Info.plist;
				INFOPLIST_KEY_UIApplicationSupportsIndirectInputEvents = YES;
				INFOPLIST_KEY_UILaunchScreen_Generation = YES;
				INFOPLIST_KEY_UIMainStoryboardFile = Main;
				INFOPLIST_KEY_UISupportedInterfaceOrientations = UIInterfaceOrientationPortrait;
				INFOPLIST_KEY_UISupportedInterfaceOrientations_iPad = "UIInterfaceOrientationPortrait UIInterfaceOrientationPortraitUpsideDown UIInterfaceOrientationLandscapeLeft UIInterfaceOrientationLandscapeRight";
				INFOPLIST_KEY_UISupportedInterfaceOrientations_iPhone = "UIInterfaceOrientationPortrait UIInterfaceOrientationLandscapeLeft UIInterfaceOrientationLandscapeRight";
				LD_RUNPATH_SEARCH_PATHS = (
					"$(inherited)",
					"@executable_path/Frameworks",
				);
				MARKETING_VERSION = 1.0;
				PRODUCT_BUNDLE_IDENTIFIER = com.sapo.zoramania.zoramania;
				PRODUCT_NAME = "$(TARGET_NAME)";
				SWIFT_EMIT_LOC_STRINGS = YES;
				SWIFT_VERSION = 5.0;
				TARGETED_DEVICE_FAMILY = "1,2";
			};
			name = Release;
		};
		0CF41E40285193240040B062 /* Debug */ = {
			isa = XCBuildConfiguration;
			baseConfigurationReference = FEDCAB4220E421A0326B61D3 /* Pods-zoramaniaTests.debug.xcconfig */;
			buildSettings = {
				ALWAYS_EMBED_SWIFT_STANDARD_LIBRARIES = YES;
				BUNDLE_LOADER = "$(TEST_HOST)";
				CODE_SIGN_STYLE = Automatic;
				CURRENT_PROJECT_VERSION = 1;
				GENERATE_INFOPLIST_FILE = YES;
				IPHONEOS_DEPLOYMENT_TARGET = 15.4;
				MARKETING_VERSION = 1.0;
				PRODUCT_BUNDLE_IDENTIFIER = com.sapo.zoramania.zoramaniaTests;
				PRODUCT_NAME = "$(TARGET_NAME)";
				SWIFT_EMIT_LOC_STRINGS = NO;
				SWIFT_VERSION = 5.0;
				TARGETED_DEVICE_FAMILY = "1,2";
				TEST_HOST = "$(BUILT_PRODUCTS_DIR)/zoramania.app/zoramania";
			};
			name = Debug;
		};
		0CF41E41285193240040B062 /* Release */ = {
			isa = XCBuildConfiguration;
			baseConfigurationReference = 2CEC156A73982FD382CAAA3C /* Pods-zoramaniaTests.release.xcconfig */;
			buildSettings = {
				ALWAYS_EMBED_SWIFT_STANDARD_LIBRARIES = YES;
				BUNDLE_LOADER = "$(TEST_HOST)";
				CODE_SIGN_STYLE = Automatic;
				CURRENT_PROJECT_VERSION = 1;
				GENERATE_INFOPLIST_FILE = YES;
				IPHONEOS_DEPLOYMENT_TARGET = 15.4;
				MARKETING_VERSION = 1.0;
				PRODUCT_BUNDLE_IDENTIFIER = com.sapo.zoramania.zoramaniaTests;
				PRODUCT_NAME = "$(TARGET_NAME)";
				SWIFT_EMIT_LOC_STRINGS = NO;
				SWIFT_VERSION = 5.0;
				TARGETED_DEVICE_FAMILY = "1,2";
				TEST_HOST = "$(BUILT_PRODUCTS_DIR)/zoramania.app/zoramania";
			};
			name = Release;
		};
		0CF41E43285193240040B062 /* Debug */ = {
			isa = XCBuildConfiguration;
			baseConfigurationReference = F64D670B669BA44FB4EC1F6A /* Pods-zoramania-zoramaniaUITests.debug.xcconfig */;
			buildSettings = {
				ALWAYS_EMBED_SWIFT_STANDARD_LIBRARIES = YES;
				CODE_SIGN_STYLE = Automatic;
				CURRENT_PROJECT_VERSION = 1;
				GENERATE_INFOPLIST_FILE = YES;
				MARKETING_VERSION = 1.0;
				PRODUCT_BUNDLE_IDENTIFIER = com.sapo.zoramania.zoramaniaUITests;
				PRODUCT_NAME = "$(TARGET_NAME)";
				SWIFT_EMIT_LOC_STRINGS = NO;
				SWIFT_VERSION = 5.0;
				TARGETED_DEVICE_FAMILY = "1,2";
				TEST_TARGET_NAME = zoramania;
			};
			name = Debug;
		};
		0CF41E44285193240040B062 /* Release */ = {
			isa = XCBuildConfiguration;
			baseConfigurationReference = C89EE005E53A5626DCC91FBD /* Pods-zoramania-zoramaniaUITests.release.xcconfig */;
			buildSettings = {
				ALWAYS_EMBED_SWIFT_STANDARD_LIBRARIES = YES;
				CODE_SIGN_STYLE = Automatic;
				CURRENT_PROJECT_VERSION = 1;
				GENERATE_INFOPLIST_FILE = YES;
				MARKETING_VERSION = 1.0;
				PRODUCT_BUNDLE_IDENTIFIER = com.sapo.zoramania.zoramaniaUITests;
				PRODUCT_NAME = "$(TARGET_NAME)";
				SWIFT_EMIT_LOC_STRINGS = NO;
				SWIFT_VERSION = 5.0;
				TARGETED_DEVICE_FAMILY = "1,2";
				TEST_TARGET_NAME = zoramania;
			};
			name = Release;
		};
/* End XCBuildConfiguration section */

/* Begin XCConfigurationList section */
		0CF41E13285193210040B062 /* Build configuration list for PBXProject "zoramania" */ = {
			isa = XCConfigurationList;
			buildConfigurations = (
				0CF41E3A285193240040B062 /* Debug */,
				0CF41E3B285193240040B062 /* Release */,
			);
			defaultConfigurationIsVisible = 0;
			defaultConfigurationName = Release;
		};
		0CF41E3C285193240040B062 /* Build configuration list for PBXNativeTarget "zoramania" */ = {
			isa = XCConfigurationList;
			buildConfigurations = (
				0CF41E3D285193240040B062 /* Debug */,
				0CF41E3E285193240040B062 /* Release */,
			);
			defaultConfigurationIsVisible = 0;
			defaultConfigurationName = Release;
		};
		0CF41E3F285193240040B062 /* Build configuration list for PBXNativeTarget "zoramaniaTests" */ = {
			isa = XCConfigurationList;
			buildConfigurations = (
				0CF41E40285193240040B062 /* Debug */,
				0CF41E41285193240040B062 /* Release */,
			);
			defaultConfigurationIsVisible = 0;
			defaultConfigurationName = Release;
		};
		0CF41E42285193240040B062 /* Build configuration list for PBXNativeTarget "zoramaniaUITests" */ = {
			isa = XCConfigurationList;
			buildConfigurations = (
				0CF41E43285193240040B062 /* Debug */,
				0CF41E44285193240040B062 /* Release */,
			);
			defaultConfigurationIsVisible = 0;
			defaultConfigurationName = Release;
		};
/* End XCConfigurationList section */
	};
	rootObject = 0CF41E10285193210040B062 /* Project object */;
}
